// !$*UTF8*$!
{
	archiveVersion = 1;
	classes = {
	};
	objectVersion = 55;
	objects = {

/* Begin PBXBuildFile section */
		586C839E284625FF0097AA66 /* Game.swift in Sources */ = {isa = PBXBuildFile; fileRef = 586C839D284625FF0097AA66 /* Game.swift */; };
		586C83BE284741F10097AA66 /* ControlButtons.swift in Sources */ = {isa = PBXBuildFile; fileRef = 586C83BD284741F10097AA66 /* ControlButtons.swift */; };
		586C83C0284756820097AA66 /* View-extension.swift in Sources */ = {isa = PBXBuildFile; fileRef = 586C83BF284756820097AA66 /* View-extension.swift */; };
		586C83C3284758360097AA66 /* MultiWave.swift in Sources */ = {isa = PBXBuildFile; fileRef = 586C83C2284758360097AA66 /* MultiWave.swift */; };
		58757F0728451DAD006C36B9 /* SpeechRecognizer.swift in Sources */ = {isa = PBXBuildFile; fileRef = 58757F0628451DAD006C36B9 /* SpeechRecognizer.swift */; };
		58945B362842938000031896 /* Card.swift in Sources */ = {isa = PBXBuildFile; fileRef = 58945B352842938000031896 /* Card.swift */; };
		58945B38284293E300031896 /* CircleProgressStyle.swift in Sources */ = {isa = PBXBuildFile; fileRef = 58945B37284293E300031896 /* CircleProgressStyle.swift */; };
		5898060F2842905600F5EF0B /* FlashMathApp.swift in Sources */ = {isa = PBXBuildFile; fileRef = 5898060E2842905600F5EF0B /* FlashMathApp.swift */; };
		589806112842905600F5EF0B /* CardStack.swift in Sources */ = {isa = PBXBuildFile; fileRef = 589806102842905600F5EF0B /* CardStack.swift */; };
		589806132842905B00F5EF0B /* Assets.xcassets in Resources */ = {isa = PBXBuildFile; fileRef = 589806122842905B00F5EF0B /* Assets.xcassets */; };
		589806162842905B00F5EF0B /* Preview Assets.xcassets in Resources */ = {isa = PBXBuildFile; fileRef = 589806152842905B00F5EF0B /* Preview Assets.xcassets */; };
		5898061D2842908600F5EF0B /* CardView.swift in Sources */ = {isa = PBXBuildFile; fileRef = 5898061C2842908600F5EF0B /* CardView.swift */; };
		58A2F607284A3A0100612136 /* SettingsView.swift in Sources */ = {isa = PBXBuildFile; fileRef = 58A2F606284A3A0100612136 /* SettingsView.swift */; };
/* End PBXBuildFile section */

/* Begin PBXFileReference section */
		586C839D284625FF0097AA66 /* Game.swift */ = {isa = PBXFileReference; lastKnownFileType = sourcecode.swift; path = Game.swift; sourceTree = "<group>"; };
		586C83BD284741F10097AA66 /* ControlButtons.swift */ = {isa = PBXFileReference; lastKnownFileType = sourcecode.swift; path = ControlButtons.swift; sourceTree = "<group>"; };
		586C83BF284756820097AA66 /* View-extension.swift */ = {isa = PBXFileReference; lastKnownFileType = sourcecode.swift; path = "View-extension.swift"; sourceTree = "<group>"; };
		586C83C2284758360097AA66 /* MultiWave.swift */ = {isa = PBXFileReference; lastKnownFileType = sourcecode.swift; path = MultiWave.swift; sourceTree = "<group>"; };
		58757F0628451DAD006C36B9 /* SpeechRecognizer.swift */ = {isa = PBXFileReference; lastKnownFileType = sourcecode.swift; path = SpeechRecognizer.swift; sourceTree = "<group>"; };
		58945B352842938000031896 /* Card.swift */ = {isa = PBXFileReference; lastKnownFileType = sourcecode.swift; path = Card.swift; sourceTree = "<group>"; };
		58945B37284293E300031896 /* CircleProgressStyle.swift */ = {isa = PBXFileReference; lastKnownFileType = sourcecode.swift; path = CircleProgressStyle.swift; sourceTree = "<group>"; };
		5898060B2842905600F5EF0B /* FlashMath.app */ = {isa = PBXFileReference; explicitFileType = wrapper.application; includeInIndex = 0; path = FlashMath.app; sourceTree = BUILT_PRODUCTS_DIR; };
		5898060E2842905600F5EF0B /* FlashMathApp.swift */ = {isa = PBXFileReference; lastKnownFileType = sourcecode.swift; path = FlashMathApp.swift; sourceTree = "<group>"; };
		589806102842905600F5EF0B /* CardStack.swift */ = {isa = PBXFileReference; lastKnownFileType = sourcecode.swift; path = CardStack.swift; sourceTree = "<group>"; };
		589806122842905B00F5EF0B /* Assets.xcassets */ = {isa = PBXFileReference; lastKnownFileType = folder.assetcatalog; path = Assets.xcassets; sourceTree = "<group>"; };
		589806152842905B00F5EF0B /* Preview Assets.xcassets */ = {isa = PBXFileReference; lastKnownFileType = folder.assetcatalog; path = "Preview Assets.xcassets"; sourceTree = "<group>"; };
		5898061C2842908600F5EF0B /* CardView.swift */ = {isa = PBXFileReference; lastKnownFileType = sourcecode.swift; path = CardView.swift; sourceTree = "<group>"; };
		58A2F606284A3A0100612136 /* SettingsView.swift */ = {isa = PBXFileReference; lastKnownFileType = sourcecode.swift; path = SettingsView.swift; sourceTree = "<group>"; };
/* End PBXFileReference section */

/* Begin PBXFrameworksBuildPhase section */
		589806082842905600F5EF0B /* Frameworks */ = {
			isa = PBXFrameworksBuildPhase;
			buildActionMask = 2147483647;
			files = (
			);
			runOnlyForDeploymentPostprocessing = 0;
		};
/* End PBXFrameworksBuildPhase section */

/* Begin PBXGroup section */
		586C83BB28473ECE0097AA66 /* Model */ = {
			isa = PBXGroup;
			children = (
				586C839D284625FF0097AA66 /* Game.swift */,
				58945B352842938000031896 /* Card.swift */,
				58757F0628451DAD006C36B9 /* SpeechRecognizer.swift */,
			);
			path = Model;
			sourceTree = "<group>";
		};
		586C83BC28473ED70097AA66 /* View */ = {
			isa = PBXGroup;
			children = (
				589806102842905600F5EF0B /* CardStack.swift */,
				586C83BD284741F10097AA66 /* ControlButtons.swift */,
				58945B37284293E300031896 /* CircleProgressStyle.swift */,
				5898061C2842908600F5EF0B /* CardView.swift */,
				586C83C2284758360097AA66 /* MultiWave.swift */,
				58A2F606284A3A0100612136 /* SettingsView.swift */,
			);
			path = View;
			sourceTree = "<group>";
		};
		586C83C1284756990097AA66 /* Extension */ = {
			isa = PBXGroup;
			children = (
				586C83BF284756820097AA66 /* View-extension.swift */,
			);
			path = Extension;
			sourceTree = "<group>";
		};
		589806022842905600F5EF0B = {
			isa = PBXGroup;
			children = (
				5898060D2842905600F5EF0B /* FlashMath */,
				5898060C2842905600F5EF0B /* Products */,
			);
			sourceTree = "<group>";
		};
		5898060C2842905600F5EF0B /* Products */ = {
			isa = PBXGroup;
			children = (
				5898060B2842905600F5EF0B /* FlashMath.app */,
			);
			name = Products;
			sourceTree = "<group>";
		};
		5898060D2842905600F5EF0B /* FlashMath */ = {
			isa = PBXGroup;
			children = (
				5898060E2842905600F5EF0B /* FlashMathApp.swift */,
				586C83BC28473ED70097AA66 /* View */,
				586C83BB28473ECE0097AA66 /* Model */,
				586C83C1284756990097AA66 /* Extension */,
				589806122842905B00F5EF0B /* Assets.xcassets */,
				589806142842905B00F5EF0B /* Preview Content */,
			);
			path = FlashMath;
			sourceTree = "<group>";
		};
		589806142842905B00F5EF0B /* Preview Content */ = {
			isa = PBXGroup;
			children = (
				589806152842905B00F5EF0B /* Preview Assets.xcassets */,
			);
			path = "Preview Content";
			sourceTree = "<group>";
		};
/* End PBXGroup section */

/* Begin PBXNativeTarget section */
		5898060A2842905600F5EF0B /* FlashMath */ = {
			isa = PBXNativeTarget;
			buildConfigurationList = 589806192842905B00F5EF0B /* Build configuration list for PBXNativeTarget "FlashMath" */;
			buildPhases = (
				589806072842905600F5EF0B /* Sources */,
				589806082842905600F5EF0B /* Frameworks */,
				589806092842905600F5EF0B /* Resources */,
			);
			buildRules = (
			);
			dependencies = (
			);
			name = FlashMath;
			productName = FlashMath;
			productReference = 5898060B2842905600F5EF0B /* FlashMath.app */;
			productType = "com.apple.product-type.application";
		};
/* End PBXNativeTarget section */

/* Begin PBXProject section */
		589806032842905600F5EF0B /* Project object */ = {
			isa = PBXProject;
			attributes = {
				BuildIndependentTargetsInParallel = 1;
				LastSwiftUpdateCheck = 1340;
				LastUpgradeCheck = 1340;
				TargetAttributes = {
					5898060A2842905600F5EF0B = {
						CreatedOnToolsVersion = 13.4;
					};
				};
			};
			buildConfigurationList = 589806062842905600F5EF0B /* Build configuration list for PBXProject "FlashMath" */;
			compatibilityVersion = "Xcode 13.0";
			developmentRegion = en;
			hasScannedForEncodings = 0;
			knownRegions = (
				en,
				Base,
			);
			mainGroup = 589806022842905600F5EF0B;
			productRefGroup = 5898060C2842905600F5EF0B /* Products */;
			projectDirPath = "";
			projectRoot = "";
			targets = (
				5898060A2842905600F5EF0B /* FlashMath */,
			);
		};
/* End PBXProject section */

/* Begin PBXResourcesBuildPhase section */
		589806092842905600F5EF0B /* Resources */ = {
			isa = PBXResourcesBuildPhase;
			buildActionMask = 2147483647;
			files = (
				589806162842905B00F5EF0B /* Preview Assets.xcassets in Resources */,
				589806132842905B00F5EF0B /* Assets.xcassets in Resources */,
			);
			runOnlyForDeploymentPostprocessing = 0;
		};
/* End PBXResourcesBuildPhase section */

/* Begin PBXSourcesBuildPhase section */
		589806072842905600F5EF0B /* Sources */ = {
			isa = PBXSourcesBuildPhase;
			buildActionMask = 2147483647;
			files = (
				58757F0728451DAD006C36B9 /* SpeechRecognizer.swift in Sources */,
				589806112842905600F5EF0B /* CardStack.swift in Sources */,
				58A2F607284A3A0100612136 /* SettingsView.swift in Sources */,
				586C839E284625FF0097AA66 /* Game.swift in Sources */,
				5898061D2842908600F5EF0B /* CardView.swift in Sources */,
				5898060F2842905600F5EF0B /* FlashMathApp.swift in Sources */,
				58945B38284293E300031896 /* CircleProgressStyle.swift in Sources */,
				586C83C3284758360097AA66 /* MultiWave.swift in Sources */,
				58945B362842938000031896 /* Card.swift in Sources */,
				586C83C0284756820097AA66 /* View-extension.swift in Sources */,
				586C83BE284741F10097AA66 /* ControlButtons.swift in Sources */,
			);
			runOnlyForDeploymentPostprocessing = 0;
		};
/* End PBXSourcesBuildPhase section */

/* Begin XCBuildConfiguration section */
		589806172842905B00F5EF0B /* Debug */ = {
			isa = XCBuildConfiguration;
			buildSettings = {
				ALWAYS_SEARCH_USER_PATHS = NO;
				CLANG_ANALYZER_NONNULL = YES;
				CLANG_ANALYZER_NUMBER_OBJECT_CONVERSION = YES_AGGRESSIVE;
				CLANG_CXX_LANGUAGE_STANDARD = "gnu++17";
				CLANG_ENABLE_MODULES = YES;
				CLANG_ENABLE_OBJC_ARC = YES;
				CLANG_ENABLE_OBJC_WEAK = YES;
				CLANG_WARN_BLOCK_CAPTURE_AUTORELEASING = YES;
				CLANG_WARN_BOOL_CONVERSION = YES;
				CLANG_WARN_COMMA = YES;
				CLANG_WARN_CONSTANT_CONVERSION = YES;
				CLANG_WARN_DEPRECATED_OBJC_IMPLEMENTATIONS = YES;
				CLANG_WARN_DIRECT_OBJC_ISA_USAGE = YES_ERROR;
				CLANG_WARN_DOCUMENTATION_COMMENTS = YES;
				CLANG_WARN_EMPTY_BODY = YES;
				CLANG_WARN_ENUM_CONVERSION = YES;
				CLANG_WARN_INFINITE_RECURSION = YES;
				CLANG_WARN_INT_CONVERSION = YES;
				CLANG_WARN_NON_LITERAL_NULL_CONVERSION = YES;
				CLANG_WARN_OBJC_IMPLICIT_RETAIN_SELF = YES;
				CLANG_WARN_OBJC_LITERAL_CONVERSION = YES;
				CLANG_WARN_OBJC_ROOT_CLASS = YES_ERROR;
				CLANG_WARN_QUOTED_INCLUDE_IN_FRAMEWORK_HEADER = YES;
				CLANG_WARN_RANGE_LOOP_ANALYSIS = YES;
				CLANG_WARN_STRICT_PROTOTYPES = YES;
				CLANG_WARN_SUSPICIOUS_MOVE = YES;
				CLANG_WARN_UNGUARDED_AVAILABILITY = YES_AGGRESSIVE;
				CLANG_WARN_UNREACHABLE_CODE = YES;
				CLANG_WARN__DUPLICATE_METHOD_MATCH = YES;
				COPY_PHASE_STRIP = NO;
				DEBUG_INFORMATION_FORMAT = dwarf;
				ENABLE_STRICT_OBJC_MSGSEND = YES;
				ENABLE_TESTABILITY = YES;
				GCC_C_LANGUAGE_STANDARD = gnu11;
				GCC_DYNAMIC_NO_PIC = NO;
				GCC_NO_COMMON_BLOCKS = YES;
				GCC_OPTIMIZATION_LEVEL = 0;
				GCC_PREPROCESSOR_DEFINITIONS = (
					"DEBUG=1",
					"$(inherited)",
				);
				GCC_WARN_64_TO_32_BIT_CONVERSION = YES;
				GCC_WARN_ABOUT_RETURN_TYPE = YES_ERROR;
				GCC_WARN_UNDECLARED_SELECTOR = YES;
				GCC_WARN_UNINITIALIZED_AUTOS = YES_AGGRESSIVE;
				GCC_WARN_UNUSED_FUNCTION = YES;
				GCC_WARN_UNUSED_VARIABLE = YES;
				IPHONEOS_DEPLOYMENT_TARGET = 15.5;
				MTL_ENABLE_DEBUG_INFO = INCLUDE_SOURCE;
				MTL_FAST_MATH = YES;
				ONLY_ACTIVE_ARCH = YES;
				SDKROOT = iphoneos;
				SWIFT_ACTIVE_COMPILATION_CONDITIONS = DEBUG;
				SWIFT_OPTIMIZATION_LEVEL = "-Onone";
			};
			name = Debug;
		};
		589806182842905B00F5EF0B /* Release */ = {
			isa = XCBuildConfiguration;
			buildSettings = {
				ALWAYS_SEARCH_USER_PATHS = NO;
				CLANG_ANALYZER_NONNULL = YES;
				CLANG_ANALYZER_NUMBER_OBJECT_CONVERSION = YES_AGGRESSIVE;
				CLANG_CXX_LANGUAGE_STANDARD = "gnu++17";
				CLANG_ENABLE_MODULES = YES;
				CLANG_ENABLE_OBJC_ARC = YES;
				CLANG_ENABLE_OBJC_WEAK = YES;
				CLANG_WARN_BLOCK_CAPTURE_AUTORELEASING = YES;
				CLANG_WARN_BOOL_CONVERSION = YES;
				CLANG_WARN_COMMA = YES;
				CLANG_WARN_CONSTANT_CONVERSION = YES;
				CLANG_WARN_DEPRECATED_OBJC_IMPLEMENTATIONS = YES;
				CLANG_WARN_DIRECT_OBJC_ISA_USAGE = YES_ERROR;
				CLANG_WARN_DOCUMENTATION_COMMENTS = YES;
				CLANG_WARN_EMPTY_BODY = YES;
				CLANG_WARN_ENUM_CONVERSION = YES;
				CLANG_WARN_INFINITE_RECURSION = YES;
				CLANG_WARN_INT_CONVERSION = YES;
				CLANG_WARN_NON_LITERAL_NULL_CONVERSION = YES;
				CLANG_WARN_OBJC_IMPLICIT_RETAIN_SELF = YES;
				CLANG_WARN_OBJC_LITERAL_CONVERSION = YES;
				CLANG_WARN_OBJC_ROOT_CLASS = YES_ERROR;
				CLANG_WARN_QUOTED_INCLUDE_IN_FRAMEWORK_HEADER = YES;
				CLANG_WARN_RANGE_LOOP_ANALYSIS = YES;
				CLANG_WARN_STRICT_PROTOTYPES = YES;
				CLANG_WARN_SUSPICIOUS_MOVE = YES;
				CLANG_WARN_UNGUARDED_AVAILABILITY = YES_AGGRESSIVE;
				CLANG_WARN_UNREACHABLE_CODE = YES;
				CLANG_WARN__DUPLICATE_METHOD_MATCH = YES;
				COPY_PHASE_STRIP = NO;
				DEBUG_INFORMATION_FORMAT = "dwarf-with-dsym";
				ENABLE_NS_ASSERTIONS = NO;
				ENABLE_STRICT_OBJC_MSGSEND = YES;
				GCC_C_LANGUAGE_STANDARD = gnu11;
				GCC_NO_COMMON_BLOCKS = YES;
				GCC_WARN_64_TO_32_BIT_CONVERSION = YES;
				GCC_WARN_ABOUT_RETURN_TYPE = YES_ERROR;
				GCC_WARN_UNDECLARED_SELECTOR = YES;
				GCC_WARN_UNINITIALIZED_AUTOS = YES_AGGRESSIVE;
				GCC_WARN_UNUSED_FUNCTION = YES;
				GCC_WARN_UNUSED_VARIABLE = YES;
				IPHONEOS_DEPLOYMENT_TARGET = 15.5;
				MTL_ENABLE_DEBUG_INFO = NO;
				MTL_FAST_MATH = YES;
				SDKROOT = iphoneos;
				SWIFT_COMPILATION_MODE = wholemodule;
				SWIFT_OPTIMIZATION_LEVEL = "-O";
				VALIDATE_PRODUCT = YES;
			};
			name = Release;
		};
		5898061A2842905B00F5EF0B /* Debug */ = {
			isa = XCBuildConfiguration;
			buildSettings = {
				ASSETCATALOG_COMPILER_APPICON_NAME = AppIcon;
				ASSETCATALOG_COMPILER_GLOBAL_ACCENT_COLOR_NAME = AccentColor;
				CODE_SIGN_STYLE = Automatic;
				CURRENT_PROJECT_VERSION = 1;
				DEVELOPMENT_ASSET_PATHS = "\"FlashMath/Preview Content\"";
				DEVELOPMENT_TEAM = M9H242HW29;
				ENABLE_PREVIEWS = YES;
				GENERATE_INFOPLIST_FILE = YES;
				INFOPLIST_KEY_NSMicrophoneUsageDescription = "Answer questions with your voice.";
				INFOPLIST_KEY_NSSpeechRecognitionUsageDescription = "Answer questions with your voice.";
				INFOPLIST_KEY_UIApplicationSceneManifest_Generation = YES;
				INFOPLIST_KEY_UIApplicationSupportsIndirectInputEvents = YES;
				INFOPLIST_KEY_UILaunchScreen_Generation = YES;
				INFOPLIST_KEY_UISupportedInterfaceOrientations_iPad = "UIInterfaceOrientationPortrait UIInterfaceOrientationPortraitUpsideDown UIInterfaceOrientationLandscapeLeft UIInterfaceOrientationLandscapeRight";
				INFOPLIST_KEY_UISupportedInterfaceOrientations_iPhone = "UIInterfaceOrientationPortrait UIInterfaceOrientationLandscapeLeft UIInterfaceOrientationLandscapeRight";
				LD_RUNPATH_SEARCH_PATHS = (
					"$(inherited)",
					"@executable_path/Frameworks",
				);
				MARKETING_VERSION = 1.0;
				PRODUCT_BUNDLE_IDENTIFIER = com.fawzirifai.FlashMath;
				PRODUCT_NAME = "$(TARGET_NAME)";
				SWIFT_EMIT_LOC_STRINGS = YES;
				SWIFT_VERSION = 5.0;
				TARGETED_DEVICE_FAMILY = "1,2";
			};
			name = Debug;
		};
		5898061B2842905B00F5EF0B /* Release */ = {
			isa = XCBuildConfiguration;
			buildSettings = {
				ASSETCATALOG_COMPILER_APPICON_NAME = AppIcon;
				ASSETCATALOG_COMPILER_GLOBAL_ACCENT_COLOR_NAME = AccentColor;
				CODE_SIGN_STYLE = Automatic;
				CURRENT_PROJECT_VERSION = 1;
				DEVELOPMENT_ASSET_PATHS = "\"FlashMath/Preview Content\"";
				DEVELOPMENT_TEAM = M9H242HW29;
				ENABLE_PREVIEWS = YES;
				GENERATE_INFOPLIST_FILE = YES;
				INFOPLIST_KEY_NSMicrophoneUsageDescription = "Answer questions with your voice.";
				INFOPLIST_KEY_NSSpeechRecognitionUsageDescription = "Answer questions with your voice.";
				INFOPLIST_KEY_UIApplicationSceneManifest_Generation = YES;
				INFOPLIST_KEY_UIApplicationSupportsIndirectInputEvents = YES;
				INFOPLIST_KEY_UILaunchScreen_Generation = YES;
				INFOPLIST_KEY_UISupportedInterfaceOrientations_iPad = "UIInterfaceOrientationPortrait UIInterfaceOrientationPortraitUpsideDown UIInterfaceOrientationLandscapeLeft UIInterfaceOrientationLandscapeRight";
				INFOPLIST_KEY_UISupportedInterfaceOrientations_iPhone = "UIInterfaceOrientationPortrait UIInterfaceOrientationLandscapeLeft UIInterfaceOrientationLandscapeRight";
				LD_RUNPATH_SEARCH_PATHS = (
					"$(inherited)",
					"@executable_path/Frameworks",
				);
				MARKETING_VERSION = 1.0;
				PRODUCT_BUNDLE_IDENTIFIER = com.fawzirifai.FlashMath;
				PRODUCT_NAME = "$(TARGET_NAME)";
				SWIFT_EMIT_LOC_STRINGS = YES;
				SWIFT_VERSION = 5.0;
				TARGETED_DEVICE_FAMILY = "1,2";
			};
			name = Release;
		};
/* End XCBuildConfiguration section */

/* Begin XCConfigurationList section */
		589806062842905600F5EF0B /* Build configuration list for PBXProject "FlashMath" */ = {
			isa = XCConfigurationList;
			buildConfigurations = (
				589806172842905B00F5EF0B /* Debug */,
				589806182842905B00F5EF0B /* Release */,
			);
			defaultConfigurationIsVisible = 0;
			defaultConfigurationName = Release;
		};
		589806192842905B00F5EF0B /* Build configuration list for PBXNativeTarget "FlashMath" */ = {
			isa = XCConfigurationList;
			buildConfigurations = (
				5898061A2842905B00F5EF0B /* Debug */,
				5898061B2842905B00F5EF0B /* Release */,
			);
			defaultConfigurationIsVisible = 0;
			defaultConfigurationName = Release;
		};
/* End XCConfigurationList section */
	};
	rootObject = 589806032842905600F5EF0B /* Project object */;
}
